
Microsoft Visual Studio Solution File, Format Version 12.00
# Visual Studio Version 17
VisualStudioVersion = 17.4.33122.133
MinimumVisualStudioVersion = 10.0.40219.1
Project("{FAE04EC0-301F-11D3-BF4B-00C04F79EFBC}") = "_sms", "_sms\_sms.csproj", "{B25DF245-196E-42DB-9BF4-032F00AE526A}"
EndProject
Global
	GlobalSection(SolutionConfigurationPlatforms) = preSolution
		Debug|Any CPU = Debug|Any CPU
		Release|Any CPU = Release|Any CPU
	EndGlobalSection
	GlobalSection(ProjectConfigurationPlatforms) = postSolution
		{B25DF245-196E-42DB-9BF4-032F00AE526A}.Debug|Any CPU.ActiveCfg = Debug|Any CPU
		{B25DF245-196E-42DB-9BF4-032F00AE526A}.Debug|Any CPU.Build.0 = Debug|Any CPU
		{B25DF245-196E-42DB-9BF4-032F00AE526A}.Release|Any CPU.ActiveCfg = Release|Any CPU
		{B25DF245-196E-42DB-9BF4-032F00AE526A}.Release|Any CPU.Build.0 = Release|Any CPU
	EndGlobalSection
	GlobalSection(SolutionProperties) = preSolution
		HideSolutionNode = FALSE
	EndGlobalSection
	GlobalSection(ExtensibilityGlobals) = postSolution
		SolutionGuid = {705B0133-B6DA-4502-80D7-E764BD4F560C}
	EndGlobalSection
EndGlobal
